
Microsoft Visual Studio Solution File, Format Version 12.00
# Visual Studio Version 16
VisualStudioVersion = 16.0.29806.167
MinimumVisualStudioVersion = 10.0.40219.1
Project("{F184B08F-C81C-45F6-A57F-5ABD9991F28F}") = "BRAINSTORMER", "BRAINSTORMER.vbproj", "{BE999E57-E672-40F9-B639-185F187CD013}"
EndProject
Global
	GlobalSection(SolutionConfigurationPlatforms) = preSolution
		Debug|Any CPU = Debug|Any CPU
		Release|Any CPU = Release|Any CPU
	EndGlobalSection
	GlobalSection(ProjectConfigurationPlatforms) = postSolution
		{BE999E57-E672-40F9-B639-185F187CD013}.Debug|Any CPU.ActiveCfg = Debug|Any CPU
		{BE999E57-E672-40F9-B639-185F187CD013}.Debug|Any CPU.Build.0 = Debug|Any CPU
		{BE999E57-E672-40F9-B639-185F187CD013}.Release|Any CPU.ActiveCfg = Release|Any CPU
		{BE999E57-E672-40F9-B639-185F187CD013}.Release|Any CPU.Build.0 = Release|Any CPU
	EndGlobalSection
	GlobalSection(SolutionProperties) = preSolution
		HideSolutionNode = FALSE
	EndGlobalSection
	GlobalSection(ExtensibilityGlobals) = postSolution
		SolutionGuid = {10CC8F99-693A-4F8D-9F96-F32554406F2B}
	EndGlobalSection
EndGlobal
